
Microsoft Visual Studio Solution File, Format Version 12.00
# Visual Studio Version 16
VisualStudioVersion = 16.0.29519.87
MinimumVisualStudioVersion = 10.0.40219.1
Project("{9A19103F-16F7-4668-BE54-9A1E7A4F7556}") = "MyFiler.UI", "MyFiler.UI\MyFiler.UI.csproj", "{9CBB7AD2-EFD2-4854-AEAF-AB7D31E9184C}"
EndProject
Project("{FAE04EC0-301F-11D3-BF4B-00C04F79EFBC}") = "MyFiler.UI.FileList", "MyFiler.UI.FileList\MyFiler.UI.FileList.csproj", "{E3A9CC6D-751D-45AB-A902-64FB8C89EE49}"
EndProject
Global
	GlobalSection(SolutionConfigurationPlatforms) = preSolution
		Debug|Any CPU = Debug|Any CPU
		Release|Any CPU = Release|Any CPU
	EndGlobalSection
	GlobalSection(ProjectConfigurationPlatforms) = postSolution
		{9CBB7AD2-EFD2-4854-AEAF-AB7D31E9184C}.Debug|Any CPU.ActiveCfg = Debug|Any CPU
		{9CBB7AD2-EFD2-4854-AEAF-AB7D31E9184C}.Debug|Any CPU.Build.0 = Debug|Any CPU
		{9CBB7AD2-EFD2-4854-AEAF-AB7D31E9184C}.Release|Any CPU.ActiveCfg = Release|Any CPU
		{9CBB7AD2-EFD2-4854-AEAF-AB7D31E9184C}.Release|Any CPU.Build.0 = Release|Any CPU
		{E3A9CC6D-751D-45AB-A902-64FB8C89EE49}.Debug|Any CPU.ActiveCfg = Debug|Any CPU
		{E3A9CC6D-751D-45AB-A902-64FB8C89EE49}.Debug|Any CPU.Build.0 = Debug|Any CPU
		{E3A9CC6D-751D-45AB-A902-64FB8C89EE49}.Release|Any CPU.ActiveCfg = Release|Any CPU
		{E3A9CC6D-751D-45AB-A902-64FB8C89EE49}.Release|Any CPU.Build.0 = Release|Any CPU
	EndGlobalSection
	GlobalSection(SolutionProperties) = preSolution
		HideSolutionNode = FALSE
	EndGlobalSection
	GlobalSection(ExtensibilityGlobals) = postSolution
		SolutionGuid = {D370960E-3A46-4602-88FE-7F3D6D9F7E06}
	EndGlobalSection
EndGlobal
